
Microsoft Visual Studio Solution File, Format Version 12.00
# Visual Studio Version 16
VisualStudioVersion = 16.0.29326.143
MinimumVisualStudioVersion = 10.0.40219.1
Project("{FAE04EC0-301F-11D3-BF4B-00C04F79EFBC}") = "qgis2web_downgrade", "qgis2web_downgrade\qgis2web_downgrade.csproj", "{537C3F50-2F35-4CD1-81BE-AC650E33AD22}"
EndProject
Global
	GlobalSection(SolutionConfigurationPlatforms) = preSolution
		Debug|Any CPU = Debug|Any CPU
		Release|Any CPU = Release|Any CPU
	EndGlobalSection
	GlobalSection(ProjectConfigurationPlatforms) = postSolution
		{537C3F50-2F35-4CD1-81BE-AC650E33AD22}.Debug|Any CPU.ActiveCfg = Debug|Any CPU
		{537C3F50-2F35-4CD1-81BE-AC650E33AD22}.Debug|Any CPU.Build.0 = Debug|Any CPU
		{537C3F50-2F35-4CD1-81BE-AC650E33AD22}.Release|Any CPU.ActiveCfg = Release|Any CPU
		{537C3F50-2F35-4CD1-81BE-AC650E33AD22}.Release|Any CPU.Build.0 = Release|Any CPU
	EndGlobalSection
	GlobalSection(SolutionProperties) = preSolution
		HideSolutionNode = FALSE
	EndGlobalSection
	GlobalSection(ExtensibilityGlobals) = postSolution
		SolutionGuid = {38647C75-0ECE-4484-897F-E11F19692D66}
	EndGlobalSection
EndGlobal
